
Microsoft Visual Studio Solution File, Format Version 12.00
# Visual Studio 14
VisualStudioVersion = 14.0.25123.0
MinimumVisualStudioVersion = 10.0.40219.1
Project("{FAE04EC0-301F-11D3-BF4B-00C04F79EFBC}") = "SetupSheetXML", "SetupSheetXML\SetupSheetXML.csproj", "{998CA388-27D8-44C0-8746-874A4A84D173}"
EndProject
Project("{FAE04EC0-301F-11D3-BF4B-00C04F79EFBC}") = "SetupSheetXML.Tests", "SetupSheetXML.Tests\SetupSheetXML.Tests.csproj", "{38DB0194-DF5C-441C-8C76-5804A917EBFC}"
EndProject
Global
	GlobalSection(SolutionConfigurationPlatforms) = preSolution
		Debug|Any CPU = Debug|Any CPU
		Debug|x64 = Debug|x64
		Release|Any CPU = Release|Any CPU
		Release|x64 = Release|x64
	EndGlobalSection
	GlobalSection(ProjectConfigurationPlatforms) = postSolution
		{998CA388-27D8-44C0-8746-874A4A84D173}.Debug|Any CPU.ActiveCfg = Debug|Any CPU
		{998CA388-27D8-44C0-8746-874A4A84D173}.Debug|Any CPU.Build.0 = Debug|Any CPU
		{998CA388-27D8-44C0-8746-874A4A84D173}.Debug|x64.ActiveCfg = Debug|x64
		{998CA388-27D8-44C0-8746-874A4A84D173}.Debug|x64.Build.0 = Debug|x64
		{998CA388-27D8-44C0-8746-874A4A84D173}.Release|Any CPU.ActiveCfg = Release|Any CPU
		{998CA388-27D8-44C0-8746-874A4A84D173}.Release|Any CPU.Build.0 = Release|Any CPU
		{998CA388-27D8-44C0-8746-874A4A84D173}.Release|x64.ActiveCfg = Release|x64
		{998CA388-27D8-44C0-8746-874A4A84D173}.Release|x64.Build.0 = Release|x64
		{38DB0194-DF5C-441C-8C76-5804A917EBFC}.Debug|Any CPU.ActiveCfg = Debug|Any CPU
		{38DB0194-DF5C-441C-8C76-5804A917EBFC}.Debug|Any CPU.Build.0 = Debug|Any CPU
		{38DB0194-DF5C-441C-8C76-5804A917EBFC}.Debug|x64.ActiveCfg = Debug|x64
		{38DB0194-DF5C-441C-8C76-5804A917EBFC}.Debug|x64.Build.0 = Debug|x64
		{38DB0194-DF5C-441C-8C76-5804A917EBFC}.Release|Any CPU.ActiveCfg = Release|Any CPU
		{38DB0194-DF5C-441C-8C76-5804A917EBFC}.Release|Any CPU.Build.0 = Release|Any CPU
		{38DB0194-DF5C-441C-8C76-5804A917EBFC}.Release|x64.ActiveCfg = Release|Any CPU
		{38DB0194-DF5C-441C-8C76-5804A917EBFC}.Release|x64.Build.0 = Release|Any CPU
	EndGlobalSection
	GlobalSection(SolutionProperties) = preSolution
		HideSolutionNode = FALSE
	EndGlobalSection
EndGlobal
